
Microsoft Visual Studio Solution File, Format Version 12.00
# Visual Studio Version 16
VisualStudioVersion = 16.0.30114.105
MinimumVisualStudioVersion = 10.0.40219.1
Project("{E24C65DC-7377-472B-9ABA-BC803B73C61A}") = "WCFService1", "WCFService1\", "{2CCA4D6B-E190-4405-B1B4-86E34D35DDBD}"
	ProjectSection(WebsiteProperties) = preProject
		TargetFrameworkMoniker = ".NETFramework,Version%3Dv4.7.2"
		Debug.AspNetCompiler.VirtualPath = "/localhost_52736"
		Debug.AspNetCompiler.PhysicalPath = "WCFService1\"
		Debug.AspNetCompiler.TargetPath = "PrecompiledWeb\localhost_52736\"
		Debug.AspNetCompiler.Updateable = "true"
		Debug.AspNetCompiler.ForceOverwrite = "true"
		Debug.AspNetCompiler.FixedNames = "false"
		Debug.AspNetCompiler.Debug = "True"
		Release.AspNetCompiler.VirtualPath = "/localhost_52736"
		Release.AspNetCompiler.PhysicalPath = "WCFService1\"
		Release.AspNetCompiler.TargetPath = "PrecompiledWeb\localhost_52736\"
		Release.AspNetCompiler.Updateable = "true"
		Release.AspNetCompiler.ForceOverwrite = "true"
		Release.AspNetCompiler.FixedNames = "false"
		Release.AspNetCompiler.Debug = "False"
		VWDPort = "52736"
		SlnRelativePath = "WCFService1\"
		DefaultWebSiteLanguage = "Visual C#"
	EndProjectSection
EndProject
Project("{FAE04EC0-301F-11D3-BF4B-00C04F79EFBC}") = "WindowsFormsApp1", "WindowsFormsApp1\WindowsFormsApp1.csproj", "{8C903ACD-7998-479F-B36A-646253981EE5}"
	ProjectSection(ProjectDependencies) = postProject
		{2CCA4D6B-E190-4405-B1B4-86E34D35DDBD} = {2CCA4D6B-E190-4405-B1B4-86E34D35DDBD}
	EndProjectSection
EndProject
Global
	GlobalSection(SolutionConfigurationPlatforms) = preSolution
		Debug|Any CPU = Debug|Any CPU
		Release|Any CPU = Release|Any CPU
	EndGlobalSection
	GlobalSection(ProjectConfigurationPlatforms) = postSolution
		{2CCA4D6B-E190-4405-B1B4-86E34D35DDBD}.Debug|Any CPU.ActiveCfg = Debug|Any CPU
		{2CCA4D6B-E190-4405-B1B4-86E34D35DDBD}.Debug|Any CPU.Build.0 = Debug|Any CPU
		{2CCA4D6B-E190-4405-B1B4-86E34D35DDBD}.Release|Any CPU.ActiveCfg = Debug|Any CPU
		{2CCA4D6B-E190-4405-B1B4-86E34D35DDBD}.Release|Any CPU.Build.0 = Debug|Any CPU
		{8C903ACD-7998-479F-B36A-646253981EE5}.Debug|Any CPU.ActiveCfg = Debug|Any CPU
		{8C903ACD-7998-479F-B36A-646253981EE5}.Debug|Any CPU.Build.0 = Debug|Any CPU
		{8C903ACD-7998-479F-B36A-646253981EE5}.Release|Any CPU.ActiveCfg = Release|Any CPU
		{8C903ACD-7998-479F-B36A-646253981EE5}.Release|Any CPU.Build.0 = Release|Any CPU
	EndGlobalSection
	GlobalSection(SolutionProperties) = preSolution
		HideSolutionNode = FALSE
	EndGlobalSection
	GlobalSection(ExtensibilityGlobals) = postSolution
		SolutionGuid = {D56D30CF-4D23-4D17-9089-6FCE515BEAA5}
	EndGlobalSection
EndGlobal
